# THIS IS AN AUTOGENERATED FILE. DO NOT EDIT THIS FILE DIRECTLY.
# yarn lockfile v1


"@pkmn/data@^0.7.44":
  version "0.7.44"
  resolved "https://registry.yarnpkg.com/@pkmn/data/-/data-0.7.44.tgz#4bad353b0bf954740383de97dc2449e87cf5f99c"
  integrity sha512-xyu0w3pm+OPJlYWfyzhgAWLQtdSo7gAz6o3H9o26qMIiYv2jUFe+wWRsLJg3CyE4UPGYknbpaIoJVmAIyjnZVw==
  dependencies:
    "@pkmn/dex-types" "^0.7.44"

"@pkmn/dex-types@^0.7.44":
  version "0.7.44"
  resolved "https://registry.yarnpkg.com/@pkmn/dex-types/-/dex-types-0.7.44.tgz#00a66392551f632bb1daa01069007f2602ea1af4"
  integrity sha512-GfgDLsZ72520SEwNHfaeoJOGxEtjhaxUIeTLgMJkQsZYJy/EeKfdPJenR0UwMCixnE05L/MZB37qRe8DhLXHbA==
  dependencies:
    "@pkmn/types" "^3.0.0"

"@pkmn/dex@^0.7.44":
  version "0.7.44"
  resolved "https://registry.yarnpkg.com/@pkmn/dex/-/dex-0.7.44.tgz#0ac9c04a1e6f8194b0524bde75d4c75359569f78"
  integrity sha512-H4XkthTt829opMrg7WAHoK97XFVgoLGLzHy9CYoU8KHEo2rBuvqtk0zWBB9ZyFmvBQx+hsdLkoj+8UMfPL9aOQ==
  dependencies:
    "@pkmn/dex-types" "^0.7.44"

"@pkmn/mods@^0.7.44":
  version "0.7.44"
  resolved "https://registry.yarnpkg.com/@pkmn/mods/-/mods-0.7.44.tgz#c0294e13960e802444237a6f0089e8e16ff3a77c"
  integrity sha512-zmn4JPzB+80YAPgVrxaShuOLaw/JLGEYsBoNBKGXkFxqRgi/qz/Fuub47caOqDNDxzMWwwDLbkfGB0x8ExxdoQ==
  dependencies:
    "@pkmn/dex-types" "^0.7.44"

"@pkmn/protocol@^0.6.12":
  version "0.6.12"
  resolved "https://registry.yarnpkg.com/@pkmn/protocol/-/protocol-0.6.12.tgz#e5df242b3b32267b6c33970592ef281aaf93d48f"
  integrity sha512-/UWL8GZIAfJplp3bDKiYtpfKpu+kJGXKyH+ifTru1QH2gADvEnJN1nDHXqUxk0PbAgdm0XnwniFjlkm90jw7Ag==
  dependencies:
    "@pkmn/types" "^3.0.0"

"@pkmn/types@^3.0.0":
  version "3.0.0"
  resolved "https://registry.yarnpkg.com/@pkmn/types/-/types-3.0.0.tgz#2013de05c5fc9136b64c5b8590f19328ed43a2b9"
  integrity sha512-Vq3vlIaKi8EGFUx5AFcEch74i8wfFWPWb5OaNsJCgP31VADJVruKmLoSzs26xUW0vkiJENICH+YGFmJYwatJ8w==

typescript@^5.1.5:
  version "5.1.5"
  resolved "https://registry.yarnpkg.com/typescript/-/typescript-5.1.5.tgz#a3ae755082488b6046fe64345d293ef26af08671"
  integrity sha512-FOH+WN/DQjUvN6WgW+c4Ml3yi0PH+a/8q+kNIfRehv1wLhWONedw85iu+vQ39Wp49IzTJEsZ2lyLXpBF7mkF1g==
