# This file is generated by running "yarn install" inside your project.
# Manual changes might be lost - proceed with caution!

__metadata:
  version: 8
  cacheKey: 10c0

"@pkmn/data@npm:^0.7.59":
  version: 0.7.59
  resolution: "@pkmn/data@npm:0.7.59"
  dependencies:
    "@pkmn/dex-types": "npm:^0.7.59"
  checksum: aa7a5e9c23988e8de9b7d305742b2555e2ae343683c0c8f2a418abfd86d9312ef8e33c922139767596be55108a0c1e30b3b1302a30f636a1392d2d931958ca29
  languageName: node
  linkType: hard

"@pkmn/dex-types@npm:^0.7.59":
  version: 0.7.59
  resolution: "@pkmn/dex-types@npm:0.7.59"
  dependencies:
    "@pkmn/types": "npm:^3.0.0"
  checksum: 7fc0dab939bd1fc2e9d890bcb59e0a973bb2ffc65a9192569b0eb2be89608a55507d1487acf63ff926e984ab6e7528af389ded3716a3accc6252f20ad60d8077
  languageName: node
  linkType: hard

"@pkmn/dex@npm:^0.7.59":
  version: 0.7.59
  resolution: "@pkmn/dex@npm:0.7.59"
  dependencies:
    "@pkmn/dex-types": "npm:^0.7.59"
  checksum: 35f07c975fd85a05c61ebc123767c882b3532dcdc7c7aeb6431b73352f18764c4747a6118d91ee47f8c6bd3a3a8ebad154d7ece001404dd4df32e994edb5f5ef
  languageName: node
  linkType: hard

"@pkmn/mods@npm:^0.7.59":
  version: 0.7.59
  resolution: "@pkmn/mods@npm:0.7.59"
  dependencies:
    "@pkmn/dex-types": "npm:^0.7.59"
  checksum: 46d9bb231a75148608035c2fce767c9836956206d6990007d98e3a602683476d395ad573a70f5ac4c9256d2a1e3aa05072243ce799bba4293f61e6a047361417
  languageName: node
  linkType: hard

"@pkmn/protocol@npm:^0.6.16":
  version: 0.6.16
  resolution: "@pkmn/protocol@npm:0.6.16"
  dependencies:
    "@pkmn/types": "npm:^3.0.0"
  bin:
    generate-handler: generate-handler
    protocol-verifier: protocol-verifier
  checksum: 7caf751c6d879422906e649c9b2dba10d6b30ff81a389e77dad5afb40cfa71b68c5b6f124b0389fb01fd0fd063a2630951c5d04766031a32a1afbf5eeb7e335c
  languageName: node
  linkType: hard

"@pkmn/sets@npm:^5.1.0":
  version: 5.1.0
  resolution: "@pkmn/sets@npm:5.1.0"
  dependencies:
    "@pkmn/types": "npm:^3.0.0"
  checksum: 1038cf3c00d00e25e8fdc191cddd0eae785ad6180f1e275cfafe4b0b30b4b23884429da8556c3e3803c6aee1b682cf6e2308308fe5b17534ed12d62abce0c864
  languageName: node
  linkType: hard

"@pkmn/sim@npm:^0.7.59":
  version: 0.7.59
  resolution: "@pkmn/sim@npm:0.7.59"
  dependencies:
    "@pkmn/sets": "npm:^5.1.0"
    "@pkmn/streams": "npm:^1.1.0"
  checksum: 8344a66362f3715fda5e47e28f97a8822eaf56da041a495fde94d751bc52060c1efec0a3a1bdc180db90e8b0383806e2cf886f2b4a768a81e833e3b647ab033d
  languageName: node
  linkType: hard

"@pkmn/streams@npm:^1.1.0":
  version: 1.1.0
  resolution: "@pkmn/streams@npm:1.1.0"
  checksum: cab542cd840fd23b2b0804172a44ec3428a488a2dd55985fb929488386474a585cef4f21b7f24e2a42cc6989ca00b40324b1e494e84e234b946db8b53718913d
  languageName: node
  linkType: hard

"@pkmn/types@npm:^3.0.0":
  version: 3.0.0
  resolution: "@pkmn/types@npm:3.0.0"
  checksum: a08694df07697c5a99bc7f95364df49cf66498b3b894aec22be58923243156dbb81d9ca037732146f5823788cb51893908e029e2538a52d24b5354d6c9a00e00
  languageName: node
  linkType: hard

"typescript@npm:^5.3.3":
  version: 5.3.3
  resolution: "typescript@npm:5.3.3"
  bin:
    tsc: bin/tsc
    tsserver: bin/tsserver
  checksum: e33cef99d82573624fc0f854a2980322714986bc35b9cb4d1ce736ed182aeab78e2cb32b385efa493b2a976ef52c53e20d6c6918312353a91850e2b76f1ea44f
  languageName: node
  linkType: hard

"typescript@patch:typescript@npm%3A^5.3.3#optional!builtin<compat/typescript>":
  version: 5.3.3
  resolution: "typescript@patch:typescript@npm%3A5.3.3#optional!builtin<compat/typescript>::version=5.3.3&hash=29ae49"
  bin:
    tsc: bin/tsc
    tsserver: bin/tsserver
  checksum: e22df47df9b2b2f2617b8bf511a29aea3d177f9f7a0756818230a76b01cbd7da988bf55f9463aaa1a4c1ff90b80f8dc5676460d4e9dfc010572cbba59b822b0c
  languageName: node
  linkType: hard

"vgc-tools@workspace:.":
  version: 0.0.0-use.local
  resolution: "vgc-tools@workspace:."
  dependencies:
    "@pkmn/data": "npm:^0.7.59"
    "@pkmn/dex": "npm:^0.7.59"
    "@pkmn/mods": "npm:^0.7.59"
    "@pkmn/protocol": "npm:^0.6.16"
    "@pkmn/sim": "npm:^0.7.59"
    "@pkmn/types": "npm:^3.0.0"
    typescript: "npm:^5.3.3"
  languageName: unknown
  linkType: soft
